PODS:
  - Flutter (2.2.300)
  - Orb (2.6.12):
    - Flutter (= 2.2.300)

DEPENDENCIES:
  - Orb (= 2.6.12)

SPEC REPOS:
  https://github.com/meya-customers/orb-cocoapods:
    - Flutter
    - Orb

SPEC CHECKSUMS:
  Flutter: adb081b54a4de713becaa7d1d22291e3766f406c
  Orb: cf0027a9e994e101530f7804e322c0ea3b795c21

PODFILE CHECKSUM: 4a8eff7141eb1491e0a4a01fc685682ee95b8aec

COCOAPODS: 1.10.1
