PODS:
  - Flutter (2.2.300)
  - Orb (2.6.10):
    - Flutter (= 2.2.300)

DEPENDENCIES:
  - Orb (= 2.6.10)

SPEC REPOS:
  https://github.com/meya-customers/orb-cocoapods:
    - Flutter
    - Orb

SPEC CHECKSUMS:
  Flutter: adb081b54a4de713becaa7d1d22291e3766f406c
  Orb: 8f4ab3b7867e5e127695192e2a4e3c5aace4a79f

PODFILE CHECKSUM: a34232a0f215c69cc04b2ff082b7a9b64aba54ae

COCOAPODS: 1.10.1
