PODS:
  - Flutter (2.10.400)
  - Orb (2.7.7):
    - Flutter (= 2.10.400)

DEPENDENCIES:
  - Orb (= 2.7.7)

SPEC REPOS:
  https://github.com/meya-customers/orb-cocoapods:
    - Flutter
    - Orb

SPEC CHECKSUMS:
  Flutter: 3bb1651c3e70ab4b1504fbadfde401643206605a
  Orb: b092069ead3ec3668788f22a4a197684208d1101

PODFILE CHECKSUM: 2848ab291ba3685c9aa54ed16ae7b3e9349521b3

COCOAPODS: 1.11.2
